// !$*UTF8*$!
{
	archiveVersion = 1;
	classes = {
	};
	objectVersion = 55;
	objects = {

/* Begin PBXBuildFile section */
		F6C8D1C0285A3577007E5EDF /* FinanceApp.swift in Sources */ = {isa = PBXBuildFile; fileRef = F6C8D1BF285A3577007E5EDF /* FinanceApp.swift */; };
		F6C8D1C2285A3577007E5EDF /* ContentView.swift in Sources */ = {isa = PBXBuildFile; fileRef = F6C8D1C1285A3577007E5EDF /* ContentView.swift */; };
		F6C8D1C4285A3578007E5EDF /* Assets.xcassets in Resources */ = {isa = PBXBuildFile; fileRef = F6C8D1C3285A3578007E5EDF /* Assets.xcassets */; };
		F6C8D1C7285A3578007E5EDF /* Preview Assets.xcassets in Resources */ = {isa = PBXBuildFile; fileRef = F6C8D1C6285A3578007E5EDF /* Preview Assets.xcassets */; };
		F6C8D1F7285A35A5007E5EDF /* Date.swift in Sources */ = {isa = PBXBuildFile; fileRef = F6C8D1CE285A35A5007E5EDF /* Date.swift */; };
		F6C8D1F8285A35A5007E5EDF /* View.swift in Sources */ = {isa = PBXBuildFile; fileRef = F6C8D1CF285A35A5007E5EDF /* View.swift */; };
		F6C8D1F9285A35A5007E5EDF /* Alignment.swift in Sources */ = {isa = PBXBuildFile; fileRef = F6C8D1D0285A35A5007E5EDF /* Alignment.swift */; };
		F6C8D1FA285A35A5007E5EDF /* Decimal.swift in Sources */ = {isa = PBXBuildFile; fileRef = F6C8D1D1285A35A5007E5EDF /* Decimal.swift */; };
		F6C8D1FB285A35A5007E5EDF /* String.swift in Sources */ = {isa = PBXBuildFile; fileRef = F6C8D1D2285A35A5007E5EDF /* String.swift */; };
		F6C8D1FC285A35A5007E5EDF /* UIApplication.swift in Sources */ = {isa = PBXBuildFile; fileRef = F6C8D1D3285A35A5007E5EDF /* UIApplication.swift */; };
		F6C8D1FD285A35A5007E5EDF /* Color.swift in Sources */ = {isa = PBXBuildFile; fileRef = F6C8D1D4285A35A5007E5EDF /* Color.swift */; };
		F6C8D1FE285A35A5007E5EDF /* ContentViewModel.swift in Sources */ = {isa = PBXBuildFile; fileRef = F6C8D1D7285A35A5007E5EDF /* ContentViewModel.swift */; };
		F6C8D1FF285A35A5007E5EDF /* Config.swift in Sources */ = {isa = PBXBuildFile; fileRef = F6C8D1D9285A35A5007E5EDF /* Config.swift */; };
		F6C8D200285A35A5007E5EDF /* MyDatePicker.swift in Sources */ = {isa = PBXBuildFile; fileRef = F6C8D1DB285A35A5007E5EDF /* MyDatePicker.swift */; };
		F6C8D201285A35A5007E5EDF /* Separator.swift in Sources */ = {isa = PBXBuildFile; fileRef = F6C8D1DC285A35A5007E5EDF /* Separator.swift */; };
		F6C8D202285A35A5007E5EDF /* MyTextField.swift in Sources */ = {isa = PBXBuildFile; fileRef = F6C8D1DD285A35A5007E5EDF /* MyTextField.swift */; };
		F6C8D203285A35A5007E5EDF /* BudgetModel.swift in Sources */ = {isa = PBXBuildFile; fileRef = F6C8D1DF285A35A5007E5EDF /* BudgetModel.swift */; };
		F6C8D204285A35A5007E5EDF /* InvoiceModel.swift in Sources */ = {isa = PBXBuildFile; fileRef = F6C8D1E0285A35A5007E5EDF /* InvoiceModel.swift */; };
		F6C8D205285A35A5007E5EDF /* AdderView.swift in Sources */ = {isa = PBXBuildFile; fileRef = F6C8D1E3285A35A5007E5EDF /* AdderView.swift */; };
		F6C8D206285A35A5007E5EDF /* SlideView.swift in Sources */ = {isa = PBXBuildFile; fileRef = F6C8D1E4285A35A5007E5EDF /* SlideView.swift */; };
		F6C8D207285A35A5007E5EDF /* CoverView.swift in Sources */ = {isa = PBXBuildFile; fileRef = F6C8D1E5285A35A5007E5EDF /* CoverView.swift */; };
		F6C8D208285A35A5007E5EDF /* ArchivedBudgetsView.swift in Sources */ = {isa = PBXBuildFile; fileRef = F6C8D1E6285A35A5007E5EDF /* ArchivedBudgetsView.swift */; };
		F6C8D209285A35A5007E5EDF /* PieTotalView.swift in Sources */ = {isa = PBXBuildFile; fileRef = F6C8D1E7285A35A5007E5EDF /* PieTotalView.swift */; };
		F6C8D20A285A35A5007E5EDF /* BudgetOrderView.swift in Sources */ = {isa = PBXBuildFile; fileRef = F6C8D1E8285A35A5007E5EDF /* BudgetOrderView.swift */; };
		F6C8D20B285A35A5007E5EDF /* HeaderView.swift in Sources */ = {isa = PBXBuildFile; fileRef = F6C8D1E9285A35A5007E5EDF /* HeaderView.swift */; };
		F6C8D20C285A35A5007E5EDF /* ArchivedView.swift in Sources */ = {isa = PBXBuildFile; fileRef = F6C8D1EA285A35A5007E5EDF /* ArchivedView.swift */; };
		F6C8D20D285A35A5007E5EDF /* EditerView.swift in Sources */ = {isa = PBXBuildFile; fileRef = F6C8D1EB285A35A5007E5EDF /* EditerView.swift */; };
		F6C8D20E285A35A5007E5EDF /* CreaterView.swift in Sources */ = {isa = PBXBuildFile; fileRef = F6C8D1EC285A35A5007E5EDF /* CreaterView.swift */; };
		F6C8D20F285A35A5007E5EDF /* DeleteView.swift in Sources */ = {isa = PBXBuildFile; fileRef = F6C8D1ED285A35A5007E5EDF /* DeleteView.swift */; };
		F6C8D210285A35A5007E5EDF /* SettingView.swift in Sources */ = {isa = PBXBuildFile; fileRef = F6C8D1EE285A35A5007E5EDF /* SettingView.swift */; };
		F6C8D211285A35A5007E5EDF /* InvoiceView.swift in Sources */ = {isa = PBXBuildFile; fileRef = F6C8D1F0285A35A5007E5EDF /* InvoiceView.swift */; };
		F6C8D212285A35A5007E5EDF /* BudgetView.swift in Sources */ = {isa = PBXBuildFile; fileRef = F6C8D1F1285A35A5007E5EDF /* BudgetView.swift */; };
		F6C8D213285A35A5007E5EDF /* HomeView.swift in Sources */ = {isa = PBXBuildFile; fileRef = F6C8D1F2285A35A5007E5EDF /* HomeView.swift */; };
		F6C8D214285A35A5007E5EDF /* FocusField.swift in Sources */ = {isa = PBXBuildFile; fileRef = F6C8D1F4285A35A5007E5EDF /* FocusField.swift */; };
		F6C8D215285A35A5007E5EDF /* Repeated.swift in Sources */ = {isa = PBXBuildFile; fileRef = F6C8D1F5285A35A5007E5EDF /* Repeated.swift */; };
		F6C8D216285A35A5007E5EDF /* CardColor.swift in Sources */ = {isa = PBXBuildFile; fileRef = F6C8D1F6285A35A5007E5EDF /* CardColor.swift */; };
/* End PBXBuildFile section */

/* Begin PBXFileReference section */
		F6C8D1BC285A3576007E5EDF /* Finance.app */ = {isa = PBXFileReference; explicitFileType = wrapper.application; includeInIndex = 0; path = Finance.app; sourceTree = BUILT_PRODUCTS_DIR; };
		F6C8D1BF285A3577007E5EDF /* FinanceApp.swift */ = {isa = PBXFileReference; lastKnownFileType = sourcecode.swift; path = FinanceApp.swift; sourceTree = "<group>"; };
		F6C8D1C1285A3577007E5EDF /* ContentView.swift */ = {isa = PBXFileReference; lastKnownFileType = sourcecode.swift; path = ContentView.swift; sourceTree = "<group>"; };
		F6C8D1C3285A3578007E5EDF /* Assets.xcassets */ = {isa = PBXFileReference; lastKnownFileType = folder.assetcatalog; path = Assets.xcassets; sourceTree = "<group>"; };
		F6C8D1C6285A3578007E5EDF /* Preview Assets.xcassets */ = {isa = PBXFileReference; lastKnownFileType = folder.assetcatalog; path = "Preview Assets.xcassets"; sourceTree = "<group>"; };
		F6C8D1CE285A35A5007E5EDF /* Date.swift */ = {isa = PBXFileReference; fileEncoding = 4; lastKnownFileType = sourcecode.swift; path = Date.swift; sourceTree = "<group>"; };
		F6C8D1CF285A35A5007E5EDF /* View.swift */ = {isa = PBXFileReference; fileEncoding = 4; lastKnownFileType = sourcecode.swift; path = View.swift; sourceTree = "<group>"; };
		F6C8D1D0285A35A5007E5EDF /* Alignment.swift */ = {isa = PBXFileReference; fileEncoding = 4; lastKnownFileType = sourcecode.swift; path = Alignment.swift; sourceTree = "<group>"; };
		F6C8D1D1285A35A5007E5EDF /* Decimal.swift */ = {isa = PBXFileReference; fileEncoding = 4; lastKnownFileType = sourcecode.swift; path = Decimal.swift; sourceTree = "<group>"; };
		F6C8D1D2285A35A5007E5EDF /* String.swift */ = {isa = PBXFileReference; fileEncoding = 4; lastKnownFileType = sourcecode.swift; path = String.swift; sourceTree = "<group>"; };
		F6C8D1D3285A35A5007E5EDF /* UIApplication.swift */ = {isa = PBXFileReference; fileEncoding = 4; lastKnownFileType = sourcecode.swift; path = UIApplication.swift; sourceTree = "<group>"; };
		F6C8D1D4285A35A5007E5EDF /* Color.swift */ = {isa = PBXFileReference; fileEncoding = 4; lastKnownFileType = sourcecode.swift; path = Color.swift; sourceTree = "<group>"; };
		F6C8D1D7285A35A5007E5EDF /* ContentViewModel.swift */ = {isa = PBXFileReference; fileEncoding = 4; lastKnownFileType = sourcecode.swift; path = ContentViewModel.swift; sourceTree = "<group>"; };
		F6C8D1D9285A35A5007E5EDF /* Config.swift */ = {isa = PBXFileReference; fileEncoding = 4; lastKnownFileType = sourcecode.swift; path = Config.swift; sourceTree = "<group>"; };
		F6C8D1DB285A35A5007E5EDF /* MyDatePicker.swift */ = {isa = PBXFileReference; fileEncoding = 4; lastKnownFileType = sourcecode.swift; path = MyDatePicker.swift; sourceTree = "<group>"; };
		F6C8D1DC285A35A5007E5EDF /* Separator.swift */ = {isa = PBXFileReference; fileEncoding = 4; lastKnownFileType = sourcecode.swift; path = Separator.swift; sourceTree = "<group>"; };
		F6C8D1DD285A35A5007E5EDF /* MyTextField.swift */ = {isa = PBXFileReference; fileEncoding = 4; lastKnownFileType = sourcecode.swift; path = MyTextField.swift; sourceTree = "<group>"; };
		F6C8D1DF285A35A5007E5EDF /* BudgetModel.swift */ = {isa = PBXFileReference; fileEncoding = 4; lastKnownFileType = sourcecode.swift; path = BudgetModel.swift; sourceTree = "<group>"; };
		F6C8D1E0285A35A5007E5EDF /* InvoiceModel.swift */ = {isa = PBXFileReference; fileEncoding = 4; lastKnownFileType = sourcecode.swift; path = InvoiceModel.swift; sourceTree = "<group>"; };
		F6C8D1E3285A35A5007E5EDF /* AdderView.swift */ = {isa = PBXFileReference; fileEncoding = 4; lastKnownFileType = sourcecode.swift; path = AdderView.swift; sourceTree = "<group>"; };
		F6C8D1E4285A35A5007E5EDF /* SlideView.swift */ = {isa = PBXFileReference; fileEncoding = 4; lastKnownFileType = sourcecode.swift; path = SlideView.swift; sourceTree = "<group>"; };
		F6C8D1E5285A35A5007E5EDF /* CoverView.swift */ = {isa = PBXFileReference; fileEncoding = 4; lastKnownFileType = sourcecode.swift; path = CoverView.swift; sourceTree = "<group>"; };
		F6C8D1E6285A35A5007E5EDF /* ArchivedBudgetsView.swift */ = {isa = PBXFileReference; fileEncoding = 4; lastKnownFileType = sourcecode.swift; path = ArchivedBudgetsView.swift; sourceTree = "<group>"; };
		F6C8D1E7285A35A5007E5EDF /* PieTotalView.swift */ = {isa = PBXFileReference; fileEncoding = 4; lastKnownFileType = sourcecode.swift; path = PieTotalView.swift; sourceTree = "<group>"; };
		F6C8D1E8285A35A5007E5EDF /* BudgetOrderView.swift */ = {isa = PBXFileReference; fileEncoding = 4; lastKnownFileType = sourcecode.swift; path = BudgetOrderView.swift; sourceTree = "<group>"; };
		F6C8D1E9285A35A5007E5EDF /* HeaderView.swift */ = {isa = PBXFileReference; fileEncoding = 4; lastKnownFileType = sourcecode.swift; path = HeaderView.swift; sourceTree = "<group>"; };
		F6C8D1EA285A35A5007E5EDF /* ArchivedView.swift */ = {isa = PBXFileReference; fileEncoding = 4; lastKnownFileType = sourcecode.swift; path = ArchivedView.swift; sourceTree = "<group>"; };
		F6C8D1EB285A35A5007E5EDF /* EditerView.swift */ = {isa = PBXFileReference; fileEncoding = 4; lastKnownFileType = sourcecode.swift; path = EditerView.swift; sourceTree = "<group>"; };
		F6C8D1EC285A35A5007E5EDF /* CreaterView.swift */ = {isa = PBXFileReference; fileEncoding = 4; lastKnownFileType = sourcecode.swift; path = CreaterView.swift; sourceTree = "<group>"; };
		F6C8D1ED285A35A5007E5EDF /* DeleteView.swift */ = {isa = PBXFileReference; fileEncoding = 4; lastKnownFileType = sourcecode.swift; path = DeleteView.swift; sourceTree = "<group>"; };
		F6C8D1EE285A35A5007E5EDF /* SettingView.swift */ = {isa = PBXFileReference; fileEncoding = 4; lastKnownFileType = sourcecode.swift; path = SettingView.swift; sourceTree = "<group>"; };
		F6C8D1F0285A35A5007E5EDF /* InvoiceView.swift */ = {isa = PBXFileReference; fileEncoding = 4; lastKnownFileType = sourcecode.swift; path = InvoiceView.swift; sourceTree = "<group>"; };
		F6C8D1F1285A35A5007E5EDF /* BudgetView.swift */ = {isa = PBXFileReference; fileEncoding = 4; lastKnownFileType = sourcecode.swift; path = BudgetView.swift; sourceTree = "<group>"; };
		F6C8D1F2285A35A5007E5EDF /* HomeView.swift */ = {isa = PBXFileReference; fileEncoding = 4; lastKnownFileType = sourcecode.swift; path = HomeView.swift; sourceTree = "<group>"; };
		F6C8D1F4285A35A5007E5EDF /* FocusField.swift */ = {isa = PBXFileReference; fileEncoding = 4; lastKnownFileType = sourcecode.swift; path = FocusField.swift; sourceTree = "<group>"; };
		F6C8D1F5285A35A5007E5EDF /* Repeated.swift */ = {isa = PBXFileReference; fileEncoding = 4; lastKnownFileType = sourcecode.swift; path = Repeated.swift; sourceTree = "<group>"; };
		F6C8D1F6285A35A5007E5EDF /* CardColor.swift */ = {isa = PBXFileReference; fileEncoding = 4; lastKnownFileType = sourcecode.swift; path = CardColor.swift; sourceTree = "<group>"; };
/* End PBXFileReference section */

/* Begin PBXFrameworksBuildPhase section */
		F6C8D1B9285A3576007E5EDF /* Frameworks */ = {
			isa = PBXFrameworksBuildPhase;
			buildActionMask = 2147483647;
			files = (
			);
			runOnlyForDeploymentPostprocessing = 0;
		};
/* End PBXFrameworksBuildPhase section */

/* Begin PBXGroup section */
		F6C8D1B3285A3576007E5EDF = {
			isa = PBXGroup;
			children = (
				F6C8D1BE285A3576007E5EDF /* Finance */,
				F6C8D1BD285A3576007E5EDF /* Products */,
			);
			sourceTree = "<group>";
		};
		F6C8D1BD285A3576007E5EDF /* Products */ = {
			isa = PBXGroup;
			children = (
				F6C8D1BC285A3576007E5EDF /* Finance.app */,
			);
			name = Products;
			sourceTree = "<group>";
		};
		F6C8D1BE285A3576007E5EDF /* Finance */ = {
			isa = PBXGroup;
			children = (
				F6C8D1CD285A35A5007E5EDF /* Extension */,
				F6C8D1D5285A35A5007E5EDF /* Internal */,
				F6C8D1BF285A3577007E5EDF /* FinanceApp.swift */,
				F6C8D1C1285A3577007E5EDF /* ContentView.swift */,
				F6C8D1C3285A3578007E5EDF /* Assets.xcassets */,
				F6C8D1C5285A3578007E5EDF /* Preview Content */,
			);
			path = Finance;
			sourceTree = "<group>";
		};
		F6C8D1C5285A3578007E5EDF /* Preview Content */ = {
			isa = PBXGroup;
			children = (
				F6C8D1C6285A3578007E5EDF /* Preview Assets.xcassets */,
			);
			path = "Preview Content";
			sourceTree = "<group>";
		};
		F6C8D1CD285A35A5007E5EDF /* Extension */ = {
			isa = PBXGroup;
			children = (
				F6C8D1CE285A35A5007E5EDF /* Date.swift */,
				F6C8D1CF285A35A5007E5EDF /* View.swift */,
				F6C8D1D0285A35A5007E5EDF /* Alignment.swift */,
				F6C8D1D1285A35A5007E5EDF /* Decimal.swift */,
				F6C8D1D2285A35A5007E5EDF /* String.swift */,
				F6C8D1D3285A35A5007E5EDF /* UIApplication.swift */,
				F6C8D1D4285A35A5007E5EDF /* Color.swift */,
			);
			path = Extension;
			sourceTree = "<group>";
		};
		F6C8D1D5285A35A5007E5EDF /* Internal */ = {
			isa = PBXGroup;
			children = (
				F6C8D1D8285A35A5007E5EDF /* Config */,
				F6C8D1DA285A35A5007E5EDF /* Component */,
				F6C8D1DE285A35A5007E5EDF /* Model */,
				F6C8D1E1285A35A5007E5EDF /* View */,
				F6C8D1D6285A35A5007E5EDF /* ViewModel */,
			);
			path = Internal;
			sourceTree = "<group>";
		};
		F6C8D1D6285A35A5007E5EDF /* ViewModel */ = {
			isa = PBXGroup;
			children = (
				F6C8D1D7285A35A5007E5EDF /* ContentViewModel.swift */,
			);
			path = ViewModel;
			sourceTree = "<group>";
		};
		F6C8D1D8285A35A5007E5EDF /* Config */ = {
			isa = PBXGroup;
			children = (
				F6C8D1D9285A35A5007E5EDF /* Config.swift */,
			);
			path = Config;
			sourceTree = "<group>";
		};
		F6C8D1DA285A35A5007E5EDF /* Component */ = {
			isa = PBXGroup;
			children = (
				F6C8D1DB285A35A5007E5EDF /* MyDatePicker.swift */,
				F6C8D1DC285A35A5007E5EDF /* Separator.swift */,
				F6C8D1DD285A35A5007E5EDF /* MyTextField.swift */,
			);
			path = Component;
			sourceTree = "<group>";
		};
		F6C8D1DE285A35A5007E5EDF /* Model */ = {
			isa = PBXGroup;
			children = (
				F6C8D1F3285A35A5007E5EDF /* Enum */,
				F6C8D1DF285A35A5007E5EDF /* BudgetModel.swift */,
				F6C8D1E0285A35A5007E5EDF /* InvoiceModel.swift */,
			);
			path = Model;
			sourceTree = "<group>";
		};
		F6C8D1E1285A35A5007E5EDF /* View */ = {
			isa = PBXGroup;
			children = (
				F6C8D1E2285A35A5007E5EDF /* Home */,
				F6C8D1F2285A35A5007E5EDF /* HomeView.swift */,
			);
			path = View;
			sourceTree = "<group>";
		};
		F6C8D1E2285A35A5007E5EDF /* Home */ = {
			isa = PBXGroup;
			children = (
				F6C8D1E3285A35A5007E5EDF /* AdderView.swift */,
				F6C8D1E4285A35A5007E5EDF /* SlideView.swift */,
				F6C8D1E5285A35A5007E5EDF /* CoverView.swift */,
				F6C8D1E6285A35A5007E5EDF /* ArchivedBudgetsView.swift */,
				F6C8D1E7285A35A5007E5EDF /* PieTotalView.swift */,
				F6C8D1E8285A35A5007E5EDF /* BudgetOrderView.swift */,
				F6C8D1E9285A35A5007E5EDF /* HeaderView.swift */,
				F6C8D1EA285A35A5007E5EDF /* ArchivedView.swift */,
				F6C8D1EB285A35A5007E5EDF /* EditerView.swift */,
				F6C8D1EC285A35A5007E5EDF /* CreaterView.swift */,
				F6C8D1ED285A35A5007E5EDF /* DeleteView.swift */,
				F6C8D1EE285A35A5007E5EDF /* SettingView.swift */,
				F6C8D1EF285A35A5007E5EDF /* Budget */,
			);
			path = Home;
			sourceTree = "<group>";
		};
		F6C8D1EF285A35A5007E5EDF /* Budget */ = {
			isa = PBXGroup;
			children = (
				F6C8D1F0285A35A5007E5EDF /* InvoiceView.swift */,
				F6C8D1F1285A35A5007E5EDF /* BudgetView.swift */,
			);
			path = Budget;
			sourceTree = "<group>";
		};
		F6C8D1F3285A35A5007E5EDF /* Enum */ = {
			isa = PBXGroup;
			children = (
				F6C8D1F4285A35A5007E5EDF /* FocusField.swift */,
				F6C8D1F5285A35A5007E5EDF /* Repeated.swift */,
				F6C8D1F6285A35A5007E5EDF /* CardColor.swift */,
			);
			path = Enum;
			sourceTree = "<group>";
		};
/* End PBXGroup section */

/* Begin PBXNativeTarget section */
		F6C8D1BB285A3576007E5EDF /* Finance */ = {
			isa = PBXNativeTarget;
			buildConfigurationList = F6C8D1CA285A3578007E5EDF /* Build configuration list for PBXNativeTarget "Finance" */;
			buildPhases = (
				F6C8D1B8285A3576007E5EDF /* Sources */,
				F6C8D1B9285A3576007E5EDF /* Frameworks */,
				F6C8D1BA285A3576007E5EDF /* Resources */,
			);
			buildRules = (
			);
			dependencies = (
			);
			name = Finance;
			productName = Finance;
			productReference = F6C8D1BC285A3576007E5EDF /* Finance.app */;
			productType = "com.apple.product-type.application";
		};
/* End PBXNativeTarget section */

/* Begin PBXProject section */
		F6C8D1B4285A3576007E5EDF /* Project object */ = {
			isa = PBXProject;
			attributes = {
				BuildIndependentTargetsInParallel = 1;
				LastSwiftUpdateCheck = 1330;
				LastUpgradeCheck = 1330;
				TargetAttributes = {
					F6C8D1BB285A3576007E5EDF = {
						CreatedOnToolsVersion = 13.3.1;
					};
				};
			};
			buildConfigurationList = F6C8D1B7285A3576007E5EDF /* Build configuration list for PBXProject "Finance" */;
			compatibilityVersion = "Xcode 13.0";
			developmentRegion = en;
			hasScannedForEncodings = 0;
			knownRegions = (
				en,
				Base,
			);
			mainGroup = F6C8D1B3285A3576007E5EDF;
			productRefGroup = F6C8D1BD285A3576007E5EDF /* Products */;
			projectDirPath = "";
			projectRoot = "";
			targets = (
				F6C8D1BB285A3576007E5EDF /* Finance */,
			);
		};
/* End PBXProject section */

/* Begin PBXResourcesBuildPhase section */
		F6C8D1BA285A3576007E5EDF /* Resources */ = {
			isa = PBXResourcesBuildPhase;
			buildActionMask = 2147483647;
			files = (
				F6C8D1C7285A3578007E5EDF /* Preview Assets.xcassets in Resources */,
				F6C8D1C4285A3578007E5EDF /* Assets.xcassets in Resources */,
			);
			runOnlyForDeploymentPostprocessing = 0;
		};
/* End PBXResourcesBuildPhase section */

/* Begin PBXSourcesBuildPhase section */
		F6C8D1B8285A3576007E5EDF /* Sources */ = {
			isa = PBXSourcesBuildPhase;
			buildActionMask = 2147483647;
			files = (
				F6C8D1FC285A35A5007E5EDF /* UIApplication.swift in Sources */,
				F6C8D205285A35A5007E5EDF /* AdderView.swift in Sources */,
				F6C8D20D285A35A5007E5EDF /* EditerView.swift in Sources */,
				F6C8D216285A35A5007E5EDF /* CardColor.swift in Sources */,
				F6C8D20E285A35A5007E5EDF /* CreaterView.swift in Sources */,
				F6C8D211285A35A5007E5EDF /* InvoiceView.swift in Sources */,
				F6C8D202285A35A5007E5EDF /* MyTextField.swift in Sources */,
				F6C8D1F9285A35A5007E5EDF /* Alignment.swift in Sources */,
				F6C8D203285A35A5007E5EDF /* BudgetModel.swift in Sources */,
				F6C8D1F8285A35A5007E5EDF /* View.swift in Sources */,
				F6C8D20C285A35A5007E5EDF /* ArchivedView.swift in Sources */,
				F6C8D206285A35A5007E5EDF /* SlideView.swift in Sources */,
				F6C8D207285A35A5007E5EDF /* CoverView.swift in Sources */,
				F6C8D1C2285A3577007E5EDF /* ContentView.swift in Sources */,
				F6C8D1FF285A35A5007E5EDF /* Config.swift in Sources */,
				F6C8D209285A35A5007E5EDF /* PieTotalView.swift in Sources */,
				F6C8D214285A35A5007E5EDF /* FocusField.swift in Sources */,
				F6C8D1FE285A35A5007E5EDF /* ContentViewModel.swift in Sources */,
				F6C8D213285A35A5007E5EDF /* HomeView.swift in Sources */,
				F6C8D1FA285A35A5007E5EDF /* Decimal.swift in Sources */,
				F6C8D200285A35A5007E5EDF /* MyDatePicker.swift in Sources */,
				F6C8D210285A35A5007E5EDF /* SettingView.swift in Sources */,
				F6C8D212285A35A5007E5EDF /* BudgetView.swift in Sources */,
				F6C8D1FB285A35A5007E5EDF /* String.swift in Sources */,
				F6C8D20F285A35A5007E5EDF /* DeleteView.swift in Sources */,
				F6C8D204285A35A5007E5EDF /* InvoiceModel.swift in Sources */,
				F6C8D201285A35A5007E5EDF /* Separator.swift in Sources */,
				F6C8D1F7285A35A5007E5EDF /* Date.swift in Sources */,
				F6C8D1C0285A3577007E5EDF /* FinanceApp.swift in Sources */,
				F6C8D215285A35A5007E5EDF /* Repeated.swift in Sources */,
				F6C8D1FD285A35A5007E5EDF /* Color.swift in Sources */,
				F6C8D20A285A35A5007E5EDF /* BudgetOrderView.swift in Sources */,
				F6C8D20B285A35A5007E5EDF /* HeaderView.swift in Sources */,
				F6C8D208285A35A5007E5EDF /* ArchivedBudgetsView.swift in Sources */,
			);
			runOnlyForDeploymentPostprocessing = 0;
		};
/* End PBXSourcesBuildPhase section */

/* Begin XCBuildConfiguration section */
		F6C8D1C8285A3578007E5EDF /* Debug */ = {
			isa = XCBuildConfiguration;
			buildSettings = {
				ALWAYS_SEARCH_USER_PATHS = NO;
				CLANG_ANALYZER_NONNULL = YES;
				CLANG_ANALYZER_NUMBER_OBJECT_CONVERSION = YES_AGGRESSIVE;
				CLANG_CXX_LANGUAGE_STANDARD = "gnu++17";
				CLANG_ENABLE_MODULES = YES;
				CLANG_ENABLE_OBJC_ARC = YES;
				CLANG_ENABLE_OBJC_WEAK = YES;
				CLANG_WARN_BLOCK_CAPTURE_AUTORELEASING = YES;
				CLANG_WARN_BOOL_CONVERSION = YES;
				CLANG_WARN_COMMA = YES;
				CLANG_WARN_CONSTANT_CONVERSION = YES;
				CLANG_WARN_DEPRECATED_OBJC_IMPLEMENTATIONS = YES;
				CLANG_WARN_DIRECT_OBJC_ISA_USAGE = YES_ERROR;
				CLANG_WARN_DOCUMENTATION_COMMENTS = YES;
				CLANG_WARN_EMPTY_BODY = YES;
				CLANG_WARN_ENUM_CONVERSION = YES;
				CLANG_WARN_INFINITE_RECURSION = YES;
				CLANG_WARN_INT_CONVERSION = YES;
				CLANG_WARN_NON_LITERAL_NULL_CONVERSION = YES;
				CLANG_WARN_OBJC_IMPLICIT_RETAIN_SELF = YES;
				CLANG_WARN_OBJC_LITERAL_CONVERSION = YES;
				CLANG_WARN_OBJC_ROOT_CLASS = YES_ERROR;
				CLANG_WARN_QUOTED_INCLUDE_IN_FRAMEWORK_HEADER = YES;
				CLANG_WARN_RANGE_LOOP_ANALYSIS = YES;
				CLANG_WARN_STRICT_PROTOTYPES = YES;
				CLANG_WARN_SUSPICIOUS_MOVE = YES;
				CLANG_WARN_UNGUARDED_AVAILABILITY = YES_AGGRESSIVE;
				CLANG_WARN_UNREACHABLE_CODE = YES;
				CLANG_WARN__DUPLICATE_METHOD_MATCH = YES;
				COPY_PHASE_STRIP = NO;
				DEBUG_INFORMATION_FORMAT = dwarf;
				ENABLE_STRICT_OBJC_MSGSEND = YES;
				ENABLE_TESTABILITY = YES;
				GCC_C_LANGUAGE_STANDARD = gnu11;
				GCC_DYNAMIC_NO_PIC = NO;
				GCC_NO_COMMON_BLOCKS = YES;
				GCC_OPTIMIZATION_LEVEL = 0;
				GCC_PREPROCESSOR_DEFINITIONS = (
					"DEBUG=1",
					"$(inherited)",
				);
				GCC_WARN_64_TO_32_BIT_CONVERSION = YES;
				GCC_WARN_ABOUT_RETURN_TYPE = YES_ERROR;
				GCC_WARN_UNDECLARED_SELECTOR = YES;
				GCC_WARN_UNINITIALIZED_AUTOS = YES_AGGRESSIVE;
				GCC_WARN_UNUSED_FUNCTION = YES;
				GCC_WARN_UNUSED_VARIABLE = YES;
				IPHONEOS_DEPLOYMENT_TARGET = 15.4;
				MTL_ENABLE_DEBUG_INFO = INCLUDE_SOURCE;
				MTL_FAST_MATH = YES;
				ONLY_ACTIVE_ARCH = YES;
				SDKROOT = iphoneos;
				SWIFT_ACTIVE_COMPILATION_CONDITIONS = DEBUG;
				SWIFT_OPTIMIZATION_LEVEL = "-Onone";
			};
			name = Debug;
		};
		F6C8D1C9285A3578007E5EDF /* Release */ = {
			isa = XCBuildConfiguration;
			buildSettings = {
				ALWAYS_SEARCH_USER_PATHS = NO;
				CLANG_ANALYZER_NONNULL = YES;
				CLANG_ANALYZER_NUMBER_OBJECT_CONVERSION = YES_AGGRESSIVE;
				CLANG_CXX_LANGUAGE_STANDARD = "gnu++17";
				CLANG_ENABLE_MODULES = YES;
				CLANG_ENABLE_OBJC_ARC = YES;
				CLANG_ENABLE_OBJC_WEAK = YES;
				CLANG_WARN_BLOCK_CAPTURE_AUTORELEASING = YES;
				CLANG_WARN_BOOL_CONVERSION = YES;
				CLANG_WARN_COMMA = YES;
				CLANG_WARN_CONSTANT_CONVERSION = YES;
				CLANG_WARN_DEPRECATED_OBJC_IMPLEMENTATIONS = YES;
				CLANG_WARN_DIRECT_OBJC_ISA_USAGE = YES_ERROR;
				CLANG_WARN_DOCUMENTATION_COMMENTS = YES;
				CLANG_WARN_EMPTY_BODY = YES;
				CLANG_WARN_ENUM_CONVERSION = YES;
				CLANG_WARN_INFINITE_RECURSION = YES;
				CLANG_WARN_INT_CONVERSION = YES;
				CLANG_WARN_NON_LITERAL_NULL_CONVERSION = YES;
				CLANG_WARN_OBJC_IMPLICIT_RETAIN_SELF = YES;
				CLANG_WARN_OBJC_LITERAL_CONVERSION = YES;
				CLANG_WARN_OBJC_ROOT_CLASS = YES_ERROR;
				CLANG_WARN_QUOTED_INCLUDE_IN_FRAMEWORK_HEADER = YES;
				CLANG_WARN_RANGE_LOOP_ANALYSIS = YES;
				CLANG_WARN_STRICT_PROTOTYPES = YES;
				CLANG_WARN_SUSPICIOUS_MOVE = YES;
				CLANG_WARN_UNGUARDED_AVAILABILITY = YES_AGGRESSIVE;
				CLANG_WARN_UNREACHABLE_CODE = YES;
				CLANG_WARN__DUPLICATE_METHOD_MATCH = YES;
				COPY_PHASE_STRIP = NO;
				DEBUG_INFORMATION_FORMAT = "dwarf-with-dsym";
				ENABLE_NS_ASSERTIONS = NO;
				ENABLE_STRICT_OBJC_MSGSEND = YES;
				GCC_C_LANGUAGE_STANDARD = gnu11;
				GCC_NO_COMMON_BLOCKS = YES;
				GCC_WARN_64_TO_32_BIT_CONVERSION = YES;
				GCC_WARN_ABOUT_RETURN_TYPE = YES_ERROR;
				GCC_WARN_UNDECLARED_SELECTOR = YES;
				GCC_WARN_UNINITIALIZED_AUTOS = YES_AGGRESSIVE;
				GCC_WARN_UNUSED_FUNCTION = YES;
				GCC_WARN_UNUSED_VARIABLE = YES;
				IPHONEOS_DEPLOYMENT_TARGET = 15.4;
				MTL_ENABLE_DEBUG_INFO = NO;
				MTL_FAST_MATH = YES;
				SDKROOT = iphoneos;
				SWIFT_COMPILATION_MODE = wholemodule;
				SWIFT_OPTIMIZATION_LEVEL = "-O";
				VALIDATE_PRODUCT = YES;
			};
			name = Release;
		};
		F6C8D1CB285A3578007E5EDF /* Debug */ = {
			isa = XCBuildConfiguration;
			buildSettings = {
				ASSETCATALOG_COMPILER_APPICON_NAME = AppIcon;
				ASSETCATALOG_COMPILER_GLOBAL_ACCENT_COLOR_NAME = AccentColor;
				CODE_SIGN_STYLE = Automatic;
				CURRENT_PROJECT_VERSION = 1;
				DEVELOPMENT_ASSET_PATHS = "\"Finance/Preview Content\"";
				DEVELOPMENT_TEAM = Y366CJ66L6;
				ENABLE_PREVIEWS = YES;
				GENERATE_INFOPLIST_FILE = YES;
				INFOPLIST_KEY_UIApplicationSceneManifest_Generation = YES;
				INFOPLIST_KEY_UIApplicationSupportsIndirectInputEvents = YES;
				INFOPLIST_KEY_UILaunchScreen_Generation = YES;
				INFOPLIST_KEY_UISupportedInterfaceOrientations_iPad = "UIInterfaceOrientationPortrait UIInterfaceOrientationPortraitUpsideDown UIInterfaceOrientationLandscapeLeft UIInterfaceOrientationLandscapeRight";
				INFOPLIST_KEY_UISupportedInterfaceOrientations_iPhone = "UIInterfaceOrientationPortrait UIInterfaceOrientationLandscapeLeft UIInterfaceOrientationLandscapeRight";
				LD_RUNPATH_SEARCH_PATHS = (
					"$(inherited)",
					"@executable_path/Frameworks",
				);
				MARKETING_VERSION = 1.0;
				PRODUCT_BUNDLE_IDENTIFIER = com.yanunyang.Finance;
				PRODUCT_NAME = "$(TARGET_NAME)";
				SWIFT_EMIT_LOC_STRINGS = YES;
				SWIFT_VERSION = 5.0;
				TARGETED_DEVICE_FAMILY = "1,2";
			};
			name = Debug;
		};
		F6C8D1CC285A3578007E5EDF /* Release */ = {
			isa = XCBuildConfiguration;
			buildSettings = {
				ASSETCATALOG_COMPILER_APPICON_NAME = AppIcon;
				ASSETCATALOG_COMPILER_GLOBAL_ACCENT_COLOR_NAME = AccentColor;
				CODE_SIGN_STYLE = Automatic;
				CURRENT_PROJECT_VERSION = 1;
				DEVELOPMENT_ASSET_PATHS = "\"Finance/Preview Content\"";
				DEVELOPMENT_TEAM = Y366CJ66L6;
				ENABLE_PREVIEWS = YES;
				GENERATE_INFOPLIST_FILE = YES;
				INFOPLIST_KEY_UIApplicationSceneManifest_Generation = YES;
				INFOPLIST_KEY_UIApplicationSupportsIndirectInputEvents = YES;
				INFOPLIST_KEY_UILaunchScreen_Generation = YES;
				INFOPLIST_KEY_UISupportedInterfaceOrientations_iPad = "UIInterfaceOrientationPortrait UIInterfaceOrientationPortraitUpsideDown UIInterfaceOrientationLandscapeLeft UIInterfaceOrientationLandscapeRight";
				INFOPLIST_KEY_UISupportedInterfaceOrientations_iPhone = "UIInterfaceOrientationPortrait UIInterfaceOrientationLandscapeLeft UIInterfaceOrientationLandscapeRight";
				LD_RUNPATH_SEARCH_PATHS = (
					"$(inherited)",
					"@executable_path/Frameworks",
				);
				MARKETING_VERSION = 1.0;
				PRODUCT_BUNDLE_IDENTIFIER = com.yanunyang.Finance;
				PRODUCT_NAME = "$(TARGET_NAME)";
				SWIFT_EMIT_LOC_STRINGS = YES;
				SWIFT_VERSION = 5.0;
				TARGETED_DEVICE_FAMILY = "1,2";
			};
			name = Release;
		};
/* End XCBuildConfiguration section */

/* Begin XCConfigurationList section */
		F6C8D1B7285A3576007E5EDF /* Build configuration list for PBXProject "Finance" */ = {
			isa = XCConfigurationList;
			buildConfigurations = (
				F6C8D1C8285A3578007E5EDF /* Debug */,
				F6C8D1C9285A3578007E5EDF /* Release */,
			);
			defaultConfigurationIsVisible = 0;
			defaultConfigurationName = Release;
		};
		F6C8D1CA285A3578007E5EDF /* Build configuration list for PBXNativeTarget "Finance" */ = {
			isa = XCConfigurationList;
			buildConfigurations = (
				F6C8D1CB285A3578007E5EDF /* Debug */,
				F6C8D1CC285A3578007E5EDF /* Release */,
			);
			defaultConfigurationIsVisible = 0;
			defaultConfigurationName = Release;
		};
/* End XCConfigurationList section */
	};
	rootObject = F6C8D1B4285A3576007E5EDF /* Project object */;
}
